
Microsoft Visual Studio Solution File, Format Version 12.00
# Visual Studio 2012
Project("{FAE04EC0-301F-11D3-BF4B-00C04F79EFBC}") = "MonoPackageGetRelationshipsByTypeTest", "src\MonoPackageGetRelationshipsByTypeTest.csproj", "{CDF81DE0-1F00-4136-8D39-C4C07F2F5032}"
EndProject
Global
	GlobalSection(SolutionConfigurationPlatforms) = preSolution
		Debug|Any CPU = Debug|Any CPU
		Release|Any CPU = Release|Any CPU
	EndGlobalSection
	GlobalSection(ProjectConfigurationPlatforms) = postSolution
		{CDF81DE0-1F00-4136-8D39-C4C07F2F5032}.Debug|Any CPU.ActiveCfg = Debug|Any CPU
		{CDF81DE0-1F00-4136-8D39-C4C07F2F5032}.Debug|Any CPU.Build.0 = Debug|Any CPU
		{CDF81DE0-1F00-4136-8D39-C4C07F2F5032}.Release|Any CPU.ActiveCfg = Release|Any CPU
		{CDF81DE0-1F00-4136-8D39-C4C07F2F5032}.Release|Any CPU.Build.0 = Release|Any CPU
	EndGlobalSection
EndGlobal
